// !$*UTF8*$!
{
	archiveVersion = 1;
	classes = {
	};
	objectVersion = 46;
	objects = {

/* Begin PBXBuildFile section */
		9003CAB4191414130018FE90 /* brightness_setterTests.m in Sources */ = {isa = PBXBuildFile; fileRef = 9003CAB0191414130018FE90 /* brightness_setterTests.m */; };
		9003CAB5191414130018FE90 /* InfoPlist.strings in Resources */ = {isa = PBXBuildFile; fileRef = 9003CAB1191414130018FE90 /* InfoPlist.strings */; };
		900C062D191456490047D717 /* Credits.rtf in Resources */ = {isa = PBXBuildFile; fileRef = 90D7BF6A191415CC004B0680 /* Credits.rtf */; };
		901FA89119141EA2006D73BA /* BSAppDelegate.m in Sources */ = {isa = PBXBuildFile; fileRef = 90D7BF66191415CC004B0680 /* BSAppDelegate.m */; };
		901FA89219141EA2006D73BA /* BSMenuItemWithView.m in Sources */ = {isa = PBXBuildFile; fileRef = 90D7BF68191415CC004B0680 /* BSMenuItemWithView.m */; };
		901FA89319141EA2006D73BA /* main.m in Sources */ = {isa = PBXBuildFile; fileRef = 90D7BF70191415CC004B0680 /* main.m */; };
		901FA89419141EC0006D73BA /* bulb.png in Resources */ = {isa = PBXBuildFile; fileRef = 90D7BF69191415CC004B0680 /* bulb.png */; };
		901FA89519141EC0006D73BA /* green_bulb.png in Resources */ = {isa = PBXBuildFile; fileRef = 90D7BF6E191415CC004B0680 /* green_bulb.png */; };
		901FA89619141EC0006D73BA /* red_bulb.png in Resources */ = {isa = PBXBuildFile; fileRef = 90D7BF71191415CC004B0680 /* red_bulb.png */; };
		901FA89719141EC0006D73BA /* yellow_bulb.png in Resources */ = {isa = PBXBuildFile; fileRef = 90D7BF72191415CC004B0680 /* yellow_bulb.png */; };
		901FA89819141EE9006D73BA /* bs.iconset in Resources */ = {isa = PBXBuildFile; fileRef = 90D7BF64191415CC004B0680 /* bs.iconset */; };
		90D1E3DA191538F200E0F259 /* LoginItem.m in Sources */ = {isa = PBXBuildFile; fileRef = 90D1E3D9191538F200E0F259 /* LoginItem.m */; };
		90D650471902C31F00A31E1A /* Cocoa.framework in Frameworks */ = {isa = PBXBuildFile; fileRef = 90D650461902C31F00A31E1A /* Cocoa.framework */; };
		90D650661902C31F00A31E1A /* XCTest.framework in Frameworks */ = {isa = PBXBuildFile; fileRef = 90D650651902C31F00A31E1A /* XCTest.framework */; };
		90D650671902C31F00A31E1A /* Cocoa.framework in Frameworks */ = {isa = PBXBuildFile; fileRef = 90D650461902C31F00A31E1A /* Cocoa.framework */; };
		90D7BF751914168E004B0680 /* InfoPlist.strings in Resources */ = {isa = PBXBuildFile; fileRef = 90D7BF6C191415CC004B0680 /* InfoPlist.strings */; };
		90D7BF7619141694004B0680 /* MainMenu.xib in Resources */ = {isa = PBXBuildFile; fileRef = 90D7BF60191415CC004B0680 /* MainMenu.xib */; };
/* End PBXBuildFile section */

/* Begin PBXContainerItemProxy section */
		90D650681902C31F00A31E1A /* PBXContainerItemProxy */ = {
			isa = PBXContainerItemProxy;
			containerPortal = 90D6503B1902C31F00A31E1A /* Project object */;
			proxyType = 1;
			remoteGlobalIDString = 90D650421902C31F00A31E1A;
			remoteInfo = "brightness-setter";
		};
/* End PBXContainerItemProxy section */

/* Begin PBXFileReference section */
		9003CAA8191413910018FE90 /* en */ = {isa = PBXFileReference; lastKnownFileType = text.plist.strings; name = en; path = "Brightness ControlTests/en.lproj/InfoPlist.strings"; sourceTree = "<group>"; };
		9003CAAF191414130018FE90 /* Brightness ControlTests-Info.plist */ = {isa = PBXFileReference; fileEncoding = 4; lastKnownFileType = text.plist.xml; path = "Brightness ControlTests-Info.plist"; sourceTree = "<group>"; };
		9003CAB0191414130018FE90 /* brightness_setterTests.m */ = {isa = PBXFileReference; fileEncoding = 4; lastKnownFileType = sourcecode.c.objc; path = brightness_setterTests.m; sourceTree = "<group>"; };
		9003CAB2191414130018FE90 /* en */ = {isa = PBXFileReference; lastKnownFileType = text.plist.strings; name = en; path = en.lproj/InfoPlist.strings; sourceTree = "<group>"; };
		90D1E3D8191538F200E0F259 /* LoginItem.h */ = {isa = PBXFileReference; fileEncoding = 4; lastKnownFileType = sourcecode.c.h; name = LoginItem.h; path = "Brightness Control/LoginItem.h"; sourceTree = "<group>"; };
		90D1E3D9191538F200E0F259 /* LoginItem.m */ = {isa = PBXFileReference; fileEncoding = 4; lastKnownFileType = sourcecode.c.objc; name = LoginItem.m; path = "Brightness Control/LoginItem.m"; sourceTree = "<group>"; };
		90D650431902C31F00A31E1A /* Brightness Control.app */ = {isa = PBXFileReference; explicitFileType = wrapper.application; includeInIndex = 0; path = "Brightness Control.app"; sourceTree = BUILT_PRODUCTS_DIR; };
		90D650461902C31F00A31E1A /* Cocoa.framework */ = {isa = PBXFileReference; lastKnownFileType = wrapper.framework; name = Cocoa.framework; path = System/Library/Frameworks/Cocoa.framework; sourceTree = SDKROOT; };
		90D650491902C31F00A31E1A /* AppKit.framework */ = {isa = PBXFileReference; lastKnownFileType = wrapper.framework; name = AppKit.framework; path = System/Library/Frameworks/AppKit.framework; sourceTree = SDKROOT; };
		90D6504A1902C31F00A31E1A /* CoreData.framework */ = {isa = PBXFileReference; lastKnownFileType = wrapper.framework; name = CoreData.framework; path = System/Library/Frameworks/CoreData.framework; sourceTree = SDKROOT; };
		90D6504B1902C31F00A31E1A /* Foundation.framework */ = {isa = PBXFileReference; lastKnownFileType = wrapper.framework; name = Foundation.framework; path = System/Library/Frameworks/Foundation.framework; sourceTree = SDKROOT; };
		90D650641902C31F00A31E1A /* Brightness ControlTests.xctest */ = {isa = PBXFileReference; explicitFileType = wrapper.cfbundle; includeInIndex = 0; path = "Brightness ControlTests.xctest"; sourceTree = BUILT_PRODUCTS_DIR; };
		90D650651902C31F00A31E1A /* XCTest.framework */ = {isa = PBXFileReference; lastKnownFileType = wrapper.framework; name = XCTest.framework; path = Library/Frameworks/XCTest.framework; sourceTree = DEVELOPER_DIR; };
		90D7BF61191415CC004B0680 /* Base */ = {isa = PBXFileReference; lastKnownFileType = file.xib; name = Base; path = Base.lproj/MainMenu.xib; sourceTree = "<group>"; };
		90D7BF62191415CC004B0680 /* Brightness Control-Info.plist */ = {isa = PBXFileReference; lastKnownFileType = text.plist.xml; path = "Brightness Control-Info.plist"; sourceTree = "<group>"; };
		90D7BF63191415CC004B0680 /* Brightness Control-Prefix.pch */ = {isa = PBXFileReference; lastKnownFileType = sourcecode.c.h; path = "Brightness Control-Prefix.pch"; sourceTree = "<group>"; };
		90D7BF64191415CC004B0680 /* bs.iconset */ = {isa = PBXFileReference; lastKnownFileType = folder.iconset; path = bs.iconset; sourceTree = "<group>"; };
		90D7BF65191415CC004B0680 /* BSAppDelegate.h */ = {isa = PBXFileReference; lastKnownFileType = sourcecode.c.h; path = BSAppDelegate.h; sourceTree = "<group>"; };
		90D7BF66191415CC004B0680 /* BSAppDelegate.m */ = {isa = PBXFileReference; lastKnownFileType = sourcecode.c.objc; path = BSAppDelegate.m; sourceTree = "<group>"; };
		90D7BF67191415CC004B0680 /* BSMenuItemWithView.h */ = {isa = PBXFileReference; lastKnownFileType = sourcecode.c.h; path = BSMenuItemWithView.h; sourceTree = "<group>"; };
		90D7BF68191415CC004B0680 /* BSMenuItemWithView.m */ = {isa = PBXFileReference; lastKnownFileType = sourcecode.c.objc; path = BSMenuItemWithView.m; sourceTree = "<group>"; };
		90D7BF69191415CC004B0680 /* bulb.png */ = {isa = PBXFileReference; lastKnownFileType = image.png; path = bulb.png; sourceTree = "<group>"; };
		90D7BF6B191415CC004B0680 /* en */ = {isa = PBXFileReference; lastKnownFileType = text.rtf; name = en; path = en.lproj/Credits.rtf; sourceTree = "<group>"; };
		90D7BF6D191415CC004B0680 /* en */ = {isa = PBXFileReference; lastKnownFileType = text.plist.strings; name = en; path = en.lproj/InfoPlist.strings; sourceTree = "<group>"; };
		90D7BF6E191415CC004B0680 /* green_bulb.png */ = {isa = PBXFileReference; lastKnownFileType = image.png; path = green_bulb.png; sourceTree = "<group>"; };
		90D7BF6F191415CC004B0680 /* Images.xcassets */ = {isa = PBXFileReference; lastKnownFileType = folder.assetcatalog; path = Images.xcassets; sourceTree = "<group>"; };
		90D7BF70191415CC004B0680 /* main.m */ = {isa = PBXFileReference; lastKnownFileType = sourcecode.c.objc; path = main.m; sourceTree = "<group>"; };
		90D7BF71191415CC004B0680 /* red_bulb.png */ = {isa = PBXFileReference; lastKnownFileType = image.png; path = red_bulb.png; sourceTree = "<group>"; };
		90D7BF72191415CC004B0680 /* yellow_bulb.png */ = {isa = PBXFileReference; lastKnownFileType = image.png; path = yellow_bulb.png; sourceTree = "<group>"; };
/* End PBXFileReference section */

/* Begin PBXFrameworksBuildPhase section */
		90D650401902C31F00A31E1A /* Frameworks */ = {
			isa = PBXFrameworksBuildPhase;
			buildActionMask = 2147483647;
			files = (
				90D650471902C31F00A31E1A /* Cocoa.framework in Frameworks */,
			);
			runOnlyForDeploymentPostprocessing = 0;
		};
		90D650611902C31F00A31E1A /* Frameworks */ = {
			isa = PBXFrameworksBuildPhase;
			buildActionMask = 2147483647;
			files = (
				90D650671902C31F00A31E1A /* Cocoa.framework in Frameworks */,
				90D650661902C31F00A31E1A /* XCTest.framework in Frameworks */,
			);
			runOnlyForDeploymentPostprocessing = 0;
		};
/* End PBXFrameworksBuildPhase section */

/* Begin PBXGroup section */
		9003CAAE191414130018FE90 /* Brightness ControlTests */ = {
			isa = PBXGroup;
			children = (
				9003CAB6191414220018FE90 /* Supporting Files */,
				9003CAB0191414130018FE90 /* brightness_setterTests.m */,
			);
			path = "Brightness ControlTests";
			sourceTree = "<group>";
		};
		9003CAB6191414220018FE90 /* Supporting Files */ = {
			isa = PBXGroup;
			children = (
				9003CAAF191414130018FE90 /* Brightness ControlTests-Info.plist */,
				9003CAB1191414130018FE90 /* InfoPlist.strings */,
			);
			name = "Supporting Files";
			sourceTree = "<group>";
		};
		90D6503A1902C31F00A31E1A = {
			isa = PBXGroup;
			children = (
				90D1E3D8191538F200E0F259 /* LoginItem.h */,
				90D1E3D9191538F200E0F259 /* LoginItem.m */,
				90D7BF5F191415CC004B0680 /* Brightness Control */,
				9003CAAE191414130018FE90 /* Brightness ControlTests */,
				90D650451902C31F00A31E1A /* Frameworks */,
				9003CAA7191413910018FE90 /* InfoPlist.strings */,
				90D650441902C31F00A31E1A /* Products */,
			);
			sourceTree = "<group>";
		};
		90D650441902C31F00A31E1A /* Products */ = {
			isa = PBXGroup;
			children = (
				90D650431902C31F00A31E1A /* Brightness Control.app */,
				90D650641902C31F00A31E1A /* Brightness ControlTests.xctest */,
			);
			name = Products;
			sourceTree = "<group>";
		};
		90D650451902C31F00A31E1A /* Frameworks */ = {
			isa = PBXGroup;
			children = (
				90D650461902C31F00A31E1A /* Cocoa.framework */,
				90D650651902C31F00A31E1A /* XCTest.framework */,
				90D650481902C31F00A31E1A /* Other Frameworks */,
			);
			name = Frameworks;
			sourceTree = "<group>";
		};
		90D650481902C31F00A31E1A /* Other Frameworks */ = {
			isa = PBXGroup;
			children = (
				90D650491902C31F00A31E1A /* AppKit.framework */,
				90D6504A1902C31F00A31E1A /* CoreData.framework */,
				90D6504B1902C31F00A31E1A /* Foundation.framework */,
			);
			name = "Other Frameworks";
			sourceTree = "<group>";
		};
		90D7BF5F191415CC004B0680 /* Brightness Control */ = {
			isa = PBXGroup;
			children = (
				90D7BF65191415CC004B0680 /* BSAppDelegate.h */,
				90D7BF66191415CC004B0680 /* BSAppDelegate.m */,
				90D7BF67191415CC004B0680 /* BSMenuItemWithView.h */,
				90D7BF68191415CC004B0680 /* BSMenuItemWithView.m */,
				90D7BF6F191415CC004B0680 /* Images.xcassets */,
				90D7BF60191415CC004B0680 /* MainMenu.xib */,
				90D7BF73191415D7004B0680 /* Resources */,
				90D7BF74191415F4004B0680 /* Supporting Files */,
			);
			path = "Brightness Control";
			sourceTree = "<group>";
		};
		90D7BF73191415D7004B0680 /* Resources */ = {
			isa = PBXGroup;
			children = (
				90D7BF64191415CC004B0680 /* bs.iconset */,
				90D7BF69191415CC004B0680 /* bulb.png */,
				90D7BF6E191415CC004B0680 /* green_bulb.png */,
				90D7BF71191415CC004B0680 /* red_bulb.png */,
				90D7BF72191415CC004B0680 /* yellow_bulb.png */,
			);
			name = Resources;
			sourceTree = "<group>";
		};
		90D7BF74191415F4004B0680 /* Supporting Files */ = {
			isa = PBXGroup;
			children = (
				90D7BF62191415CC004B0680 /* Brightness Control-Info.plist */,
				90D7BF63191415CC004B0680 /* Brightness Control-Prefix.pch */,
				90D7BF6A191415CC004B0680 /* Credits.rtf */,
				90D7BF6C191415CC004B0680 /* InfoPlist.strings */,
				90D7BF70191415CC004B0680 /* main.m */,
			);
			name = "Supporting Files";
			sourceTree = "<group>";
		};
/* End PBXGroup section */

/* Begin PBXNativeTarget section */
		90D650421902C31F00A31E1A /* Brightness Control */ = {
			isa = PBXNativeTarget;
			buildConfigurationList = 90D650741902C31F00A31E1A /* Build configuration list for PBXNativeTarget "Brightness Control" */;
			buildPhases = (
				90D6503F1902C31F00A31E1A /* Sources */,
				90D650401902C31F00A31E1A /* Frameworks */,
				90D650411902C31F00A31E1A /* Resources */,
			);
			buildRules = (
			);
			dependencies = (
			);
			name = "Brightness Control";
			productName = "brightness-setter";
			productReference = 90D650431902C31F00A31E1A /* Brightness Control.app */;
			productType = "com.apple.product-type.application";
		};
		90D650631902C31F00A31E1A /* Brightness ControlTests */ = {
			isa = PBXNativeTarget;
			buildConfigurationList = 90D650771902C31F00A31E1A /* Build configuration list for PBXNativeTarget "Brightness ControlTests" */;
			buildPhases = (
				90D650601902C31F00A31E1A /* Sources */,
				90D650611902C31F00A31E1A /* Frameworks */,
				90D650621902C31F00A31E1A /* Resources */,
			);
			buildRules = (
			);
			dependencies = (
				90D650691902C31F00A31E1A /* PBXTargetDependency */,
			);
			name = "Brightness ControlTests";
			productName = "brightness-setterTests";
			productReference = 90D650641902C31F00A31E1A /* Brightness ControlTests.xctest */;
			productType = "com.apple.product-type.bundle.unit-test";
		};
/* End PBXNativeTarget section */

/* Begin PBXProject section */
		90D6503B1902C31F00A31E1A /* Project object */ = {
			isa = PBXProject;
			attributes = {
				CLASSPREFIX = BS;
				LastUpgradeCheck = 0510;
				ORGANIZATIONNAME = "Enrico Maria Crisostomo";
				TargetAttributes = {
					90D650631902C31F00A31E1A = {
						TestTargetID = 90D650421902C31F00A31E1A;
					};
				};
			};
			buildConfigurationList = 90D6503E1902C31F00A31E1A /* Build configuration list for PBXProject "Brightness Control" */;
			compatibilityVersion = "Xcode 3.2";
			developmentRegion = English;
			hasScannedForEncodings = 0;
			knownRegions = (
				en,
				Base,
			);
			mainGroup = 90D6503A1902C31F00A31E1A;
			productRefGroup = 90D650441902C31F00A31E1A /* Products */;
			projectDirPath = "";
			projectRoot = "";
			targets = (
				90D650421902C31F00A31E1A /* Brightness Control */,
				90D650631902C31F00A31E1A /* Brightness ControlTests */,
			);
		};
/* End PBXProject section */

/* Begin PBXResourcesBuildPhase section */
		90D650411902C31F00A31E1A /* Resources */ = {
			isa = PBXResourcesBuildPhase;
			buildActionMask = 2147483647;
			files = (
				900C062D191456490047D717 /* Credits.rtf in Resources */,
				901FA89819141EE9006D73BA /* bs.iconset in Resources */,
				901FA89419141EC0006D73BA /* bulb.png in Resources */,
				901FA89519141EC0006D73BA /* green_bulb.png in Resources */,
				901FA89619141EC0006D73BA /* red_bulb.png in Resources */,
				901FA89719141EC0006D73BA /* yellow_bulb.png in Resources */,
				90D7BF7619141694004B0680 /* MainMenu.xib in Resources */,
				90D7BF751914168E004B0680 /* InfoPlist.strings in Resources */,
			);
			runOnlyForDeploymentPostprocessing = 0;
		};
		90D650621902C31F00A31E1A /* Resources */ = {
			isa = PBXResourcesBuildPhase;
			buildActionMask = 2147483647;
			files = (
				9003CAB5191414130018FE90 /* InfoPlist.strings in Resources */,
			);
			runOnlyForDeploymentPostprocessing = 0;
		};
/* End PBXResourcesBuildPhase section */

/* Begin PBXSourcesBuildPhase section */
		90D6503F1902C31F00A31E1A /* Sources */ = {
			isa = PBXSourcesBuildPhase;
			buildActionMask = 2147483647;
			files = (
				901FA89119141EA2006D73BA /* BSAppDelegate.m in Sources */,
				901FA89219141EA2006D73BA /* BSMenuItemWithView.m in Sources */,
				90D1E3DA191538F200E0F259 /* LoginItem.m in Sources */,
				901FA89319141EA2006D73BA /* main.m in Sources */,
			);
			runOnlyForDeploymentPostprocessing = 0;
		};
		90D650601902C31F00A31E1A /* Sources */ = {
			isa = PBXSourcesBuildPhase;
			buildActionMask = 2147483647;
			files = (
				9003CAB4191414130018FE90 /* brightness_setterTests.m in Sources */,
			);
			runOnlyForDeploymentPostprocessing = 0;
		};
/* End PBXSourcesBuildPhase section */

/* Begin PBXTargetDependency section */
		90D650691902C31F00A31E1A /* PBXTargetDependency */ = {
			isa = PBXTargetDependency;
			target = 90D650421902C31F00A31E1A /* Brightness Control */;
			targetProxy = 90D650681902C31F00A31E1A /* PBXContainerItemProxy */;
		};
/* End PBXTargetDependency section */

/* Begin PBXVariantGroup section */
		9003CAA7191413910018FE90 /* InfoPlist.strings */ = {
			isa = PBXVariantGroup;
			children = (
				9003CAA8191413910018FE90 /* en */,
			);
			name = InfoPlist.strings;
			sourceTree = "<group>";
		};
		9003CAB1191414130018FE90 /* InfoPlist.strings */ = {
			isa = PBXVariantGroup;
			children = (
				9003CAB2191414130018FE90 /* en */,
			);
			name = InfoPlist.strings;
			sourceTree = "<group>";
		};
		90D7BF60191415CC004B0680 /* MainMenu.xib */ = {
			isa = PBXVariantGroup;
			children = (
				90D7BF61191415CC004B0680 /* Base */,
			);
			name = MainMenu.xib;
			sourceTree = "<group>";
		};
		90D7BF6A191415CC004B0680 /* Credits.rtf */ = {
			isa = PBXVariantGroup;
			children = (
				90D7BF6B191415CC004B0680 /* en */,
			);
			name = Credits.rtf;
			sourceTree = "<group>";
		};
		90D7BF6C191415CC004B0680 /* InfoPlist.strings */ = {
			isa = PBXVariantGroup;
			children = (
				90D7BF6D191415CC004B0680 /* en */,
			);
			name = InfoPlist.strings;
			sourceTree = "<group>";
		};
/* End PBXVariantGroup section */

/* Begin XCBuildConfiguration section */
		90D650721902C31F00A31E1A /* Debug */ = {
			isa = XCBuildConfiguration;
			buildSettings = {
				ALWAYS_SEARCH_USER_PATHS = NO;
				CLANG_CXX_LANGUAGE_STANDARD = "gnu++0x";
				CLANG_CXX_LIBRARY = "libc++";
				CLANG_ENABLE_MODULES = YES;
				CLANG_ENABLE_OBJC_ARC = YES;
				CLANG_WARN_BOOL_CONVERSION = YES;
				CLANG_WARN_CONSTANT_CONVERSION = YES;
				CLANG_WARN_DIRECT_OBJC_ISA_USAGE = YES_ERROR;
				CLANG_WARN_EMPTY_BODY = YES;
				CLANG_WARN_ENUM_CONVERSION = YES;
				CLANG_WARN_INT_CONVERSION = YES;
				CLANG_WARN_OBJC_ROOT_CLASS = YES_ERROR;
				CLANG_WARN__DUPLICATE_METHOD_MATCH = YES;
				COPY_PHASE_STRIP = NO;
				GCC_C_LANGUAGE_STANDARD = gnu99;
				GCC_DYNAMIC_NO_PIC = NO;
				GCC_ENABLE_OBJC_EXCEPTIONS = YES;
				GCC_OPTIMIZATION_LEVEL = 0;
				GCC_PREPROCESSOR_DEFINITIONS = (
					"DEBUG=1",
					"$(inherited)",
				);
				GCC_SYMBOLS_PRIVATE_EXTERN = NO;
				GCC_WARN_64_TO_32_BIT_CONVERSION = YES;
				GCC_WARN_ABOUT_RETURN_TYPE = YES_ERROR;
				GCC_WARN_UNDECLARED_SELECTOR = YES;
				GCC_WARN_UNINITIALIZED_AUTOS = YES_AGGRESSIVE;
				GCC_WARN_UNUSED_FUNCTION = YES;
				GCC_WARN_UNUSED_VARIABLE = YES;
				MACOSX_DEPLOYMENT_TARGET = 10.9;
				ONLY_ACTIVE_ARCH = YES;
				SDKROOT = macosx;
			};
			name = Debug;
		};
		90D650731902C31F00A31E1A /* Release */ = {
			isa = XCBuildConfiguration;
			buildSettings = {
				ALWAYS_SEARCH_USER_PATHS = NO;
				CLANG_CXX_LANGUAGE_STANDARD = "gnu++0x";
				CLANG_CXX_LIBRARY = "libc++";
				CLANG_ENABLE_MODULES = YES;
				CLANG_ENABLE_OBJC_ARC = YES;
				CLANG_WARN_BOOL_CONVERSION = YES;
				CLANG_WARN_CONSTANT_CONVERSION = YES;
				CLANG_WARN_DIRECT_OBJC_ISA_USAGE = YES_ERROR;
				CLANG_WARN_EMPTY_BODY = YES;
				CLANG_WARN_ENUM_CONVERSION = YES;
				CLANG_WARN_INT_CONVERSION = YES;
				CLANG_WARN_OBJC_ROOT_CLASS = YES_ERROR;
				CLANG_WARN__DUPLICATE_METHOD_MATCH = YES;
				COPY_PHASE_STRIP = YES;
				DEBUG_INFORMATION_FORMAT = "dwarf-with-dsym";
				ENABLE_NS_ASSERTIONS = NO;
				GCC_C_LANGUAGE_STANDARD = gnu99;
				GCC_ENABLE_OBJC_EXCEPTIONS = YES;
				GCC_WARN_64_TO_32_BIT_CONVERSION = YES;
				GCC_WARN_ABOUT_RETURN_TYPE = YES_ERROR;
				GCC_WARN_UNDECLARED_SELECTOR = YES;
				GCC_WARN_UNINITIALIZED_AUTOS = YES_AGGRESSIVE;
				GCC_WARN_UNUSED_FUNCTION = YES;
				GCC_WARN_UNUSED_VARIABLE = YES;
				MACOSX_DEPLOYMENT_TARGET = 10.9;
				SDKROOT = macosx;
			};
			name = Release;
		};
		90D650751902C31F00A31E1A /* Debug */ = {
			isa = XCBuildConfiguration;
			buildSettings = {
				ASSETCATALOG_COMPILER_APPICON_NAME = AppIcon;
				COMBINE_HIDPI_IMAGES = YES;
				GCC_PRECOMPILE_PREFIX_HEADER = YES;
				GCC_PREFIX_HEADER = "Brightness Control/Brightness Control-Prefix.pch";
				INFOPLIST_FILE = "Brightness Control/Brightness Control-Info.plist";
				PRODUCT_NAME = "Brightness Control";
				WRAPPER_EXTENSION = app;
			};
			name = Debug;
		};
		90D650761902C31F00A31E1A /* Release */ = {
			isa = XCBuildConfiguration;
			buildSettings = {
				ASSETCATALOG_COMPILER_APPICON_NAME = AppIcon;
				COMBINE_HIDPI_IMAGES = YES;
				GCC_PRECOMPILE_PREFIX_HEADER = YES;
				GCC_PREFIX_HEADER = "Brightness Control/Brightness Control-Prefix.pch";
				INFOPLIST_FILE = "Brightness Control/Brightness Control-Info.plist";
				PRODUCT_NAME = "Brightness Control";
				WRAPPER_EXTENSION = app;
			};
			name = Release;
		};
		90D650781902C31F00A31E1A /* Debug */ = {
			isa = XCBuildConfiguration;
			buildSettings = {
				BUNDLE_LOADER = "$(BUILT_PRODUCTS_DIR)/Brightness Control.app/Contents/MacOS/Brightness Control";
				COMBINE_HIDPI_IMAGES = YES;
				FRAMEWORK_SEARCH_PATHS = (
					"$(DEVELOPER_FRAMEWORKS_DIR)",
					"$(inherited)",
				);
				GCC_PRECOMPILE_PREFIX_HEADER = YES;
				GCC_PREFIX_HEADER = "Brightness Control/Brightness Control-Prefix.pch";
				GCC_PREPROCESSOR_DEFINITIONS = (
					"DEBUG=1",
					"$(inherited)",
				);
				INFOPLIST_FILE = "Brightness ControlTests/Brightness ControlTests-Info.plist";
				PRODUCT_NAME = "Brightness ControlTests";
				TEST_HOST = "$(BUNDLE_LOADER)";
				WRAPPER_EXTENSION = xctest;
			};
			name = Debug;
		};
		90D650791902C31F00A31E1A /* Release */ = {
			isa = XCBuildConfiguration;
			buildSettings = {
				BUNDLE_LOADER = "$(BUILT_PRODUCTS_DIR)/Brightness Control.app/Contents/MacOS/Brightness Control";
				COMBINE_HIDPI_IMAGES = YES;
				FRAMEWORK_SEARCH_PATHS = (
					"$(DEVELOPER_FRAMEWORKS_DIR)",
					"$(inherited)",
				);
				GCC_PRECOMPILE_PREFIX_HEADER = YES;
				GCC_PREFIX_HEADER = "Brightness Control/Brightness Control-Prefix.pch";
				INFOPLIST_FILE = "Brightness ControlTests/Brightness ControlTests-Info.plist";
				PRODUCT_NAME = "Brightness ControlTests";
				TEST_HOST = "$(BUNDLE_LOADER)";
				WRAPPER_EXTENSION = xctest;
			};
			name = Release;
		};
/* End XCBuildConfiguration section */

/* Begin XCConfigurationList section */
		90D6503E1902C31F00A31E1A /* Build configuration list for PBXProject "Brightness Control" */ = {
			isa = XCConfigurationList;
			buildConfigurations = (
				90D650721902C31F00A31E1A /* Debug */,
				90D650731902C31F00A31E1A /* Release */,
			);
			defaultConfigurationIsVisible = 0;
			defaultConfigurationName = Release;
		};
		90D650741902C31F00A31E1A /* Build configuration list for PBXNativeTarget "Brightness Control" */ = {
			isa = XCConfigurationList;
			buildConfigurations = (
				90D650751902C31F00A31E1A /* Debug */,
				90D650761902C31F00A31E1A /* Release */,
			);
			defaultConfigurationIsVisible = 0;
			defaultConfigurationName = Release;
		};
		90D650771902C31F00A31E1A /* Build configuration list for PBXNativeTarget "Brightness ControlTests" */ = {
			isa = XCConfigurationList;
			buildConfigurations = (
				90D650781902C31F00A31E1A /* Debug */,
				90D650791902C31F00A31E1A /* Release */,
			);
			defaultConfigurationIsVisible = 0;
			defaultConfigurationName = Release;
		};
/* End XCConfigurationList section */
	};
	rootObject = 90D6503B1902C31F00A31E1A /* Project object */;
}
