// !$*UTF8*$!
{
	archiveVersion = 1;
	classes = {
	};
	objectVersion = 46;
	objects = {

/* Begin PBXBuildFile section */
		9003CAB4191414130018FE90 /* brightness_setterTests.m in Sources */ = {isa = PBXBuildFile; fileRef = 9003CAB0191414130018FE90 /* brightness_setterTests.m */; };
		9003CAB5191414130018FE90 /* InfoPlist.strings in Resources */ = {isa = PBXBuildFile; fileRef = 9003CAB1191414130018FE90 /* InfoPlist.strings */; };
		90BB9FCC1911033500875B36 /* bulb.png in Resources */ = {isa = PBXBuildFile; fileRef = 90BB9FCB1911033500875B36 /* bulb.png */; };
		90D650471902C31F00A31E1A /* Cocoa.framework in Frameworks */ = {isa = PBXBuildFile; fileRef = 90D650461902C31F00A31E1A /* Cocoa.framework */; };
		90D650511902C31F00A31E1A /* InfoPlist.strings in Resources */ = {isa = PBXBuildFile; fileRef = 90D6504F1902C31F00A31E1A /* InfoPlist.strings */; };
		90D650531902C31F00A31E1A /* main.m in Sources */ = {isa = PBXBuildFile; fileRef = 90D650521902C31F00A31E1A /* main.m */; };
		90D650571902C31F00A31E1A /* Credits.rtf in Resources */ = {isa = PBXBuildFile; fileRef = 90D650551902C31F00A31E1A /* Credits.rtf */; };
		90D6505A1902C31F00A31E1A /* BSAppDelegate.m in Sources */ = {isa = PBXBuildFile; fileRef = 90D650591902C31F00A31E1A /* BSAppDelegate.m */; };
		90D6505D1902C31F00A31E1A /* MainMenu.xib in Resources */ = {isa = PBXBuildFile; fileRef = 90D6505B1902C31F00A31E1A /* MainMenu.xib */; };
		90D6505F1902C31F00A31E1A /* Images.xcassets in Resources */ = {isa = PBXBuildFile; fileRef = 90D6505E1902C31F00A31E1A /* Images.xcassets */; };
		90D650661902C31F00A31E1A /* XCTest.framework in Frameworks */ = {isa = PBXBuildFile; fileRef = 90D650651902C31F00A31E1A /* XCTest.framework */; };
		90D650671902C31F00A31E1A /* Cocoa.framework in Frameworks */ = {isa = PBXBuildFile; fileRef = 90D650461902C31F00A31E1A /* Cocoa.framework */; };
		90D6F2401913D1CF00851458 /* yellow_bulb.png in Resources */ = {isa = PBXBuildFile; fileRef = 90D6F23F1913D1CF00851458 /* yellow_bulb.png */; };
		90D6F2421913D42900851458 /* green_bulb.png in Resources */ = {isa = PBXBuildFile; fileRef = 90D6F2411913D42900851458 /* green_bulb.png */; };
		90D6F2441913D58E00851458 /* red_bulb.png in Resources */ = {isa = PBXBuildFile; fileRef = 90D6F2431913D58E00851458 /* red_bulb.png */; };
		90DE96311904180E00DF32F3 /* BSMenuItemWithView.m in Sources */ = {isa = PBXBuildFile; fileRef = 90DE96301904180E00DF32F3 /* BSMenuItemWithView.m */; };
		90ED70FC1913FF0700ABF09E /* bs.iconset in Resources */ = {isa = PBXBuildFile; fileRef = 90ED70FB1913FF0700ABF09E /* bs.iconset */; };
/* End PBXBuildFile section */

/* Begin PBXContainerItemProxy section */
		90D650681902C31F00A31E1A /* PBXContainerItemProxy */ = {
			isa = PBXContainerItemProxy;
			containerPortal = 90D6503B1902C31F00A31E1A /* Project object */;
			proxyType = 1;
			remoteGlobalIDString = 90D650421902C31F00A31E1A;
			remoteInfo = "brightness-setter";
		};
/* End PBXContainerItemProxy section */

/* Begin PBXFileReference section */
		9003CAA8191413910018FE90 /* en */ = {isa = PBXFileReference; lastKnownFileType = text.plist.strings; name = en; path = "Brightness ControlTests/en.lproj/InfoPlist.strings"; sourceTree = "<group>"; };
		9003CAAF191414130018FE90 /* Brightness ControlTests-Info.plist */ = {isa = PBXFileReference; fileEncoding = 4; lastKnownFileType = text.plist.xml; path = "Brightness ControlTests-Info.plist"; sourceTree = "<group>"; };
		9003CAB0191414130018FE90 /* brightness_setterTests.m */ = {isa = PBXFileReference; fileEncoding = 4; lastKnownFileType = sourcecode.c.objc; path = brightness_setterTests.m; sourceTree = "<group>"; };
		9003CAB2191414130018FE90 /* en */ = {isa = PBXFileReference; lastKnownFileType = text.plist.strings; name = en; path = en.lproj/InfoPlist.strings; sourceTree = "<group>"; };
		903842491914109A0042934A /* Brightness Control-Prefix.pch */ = {isa = PBXFileReference; fileEncoding = 4; lastKnownFileType = sourcecode.c.h; path = "Brightness Control-Prefix.pch"; sourceTree = "<group>"; };
		90BB9FCB1911033500875B36 /* bulb.png */ = {isa = PBXFileReference; lastKnownFileType = image.png; path = bulb.png; sourceTree = "<group>"; };
		90D650431902C31F00A31E1A /* Brightness Control.app */ = {isa = PBXFileReference; explicitFileType = wrapper.application; includeInIndex = 0; path = "Brightness Control.app"; sourceTree = BUILT_PRODUCTS_DIR; };
		90D650461902C31F00A31E1A /* Cocoa.framework */ = {isa = PBXFileReference; lastKnownFileType = wrapper.framework; name = Cocoa.framework; path = System/Library/Frameworks/Cocoa.framework; sourceTree = SDKROOT; };
		90D650491902C31F00A31E1A /* AppKit.framework */ = {isa = PBXFileReference; lastKnownFileType = wrapper.framework; name = AppKit.framework; path = System/Library/Frameworks/AppKit.framework; sourceTree = SDKROOT; };
		90D6504A1902C31F00A31E1A /* CoreData.framework */ = {isa = PBXFileReference; lastKnownFileType = wrapper.framework; name = CoreData.framework; path = System/Library/Frameworks/CoreData.framework; sourceTree = SDKROOT; };
		90D6504B1902C31F00A31E1A /* Foundation.framework */ = {isa = PBXFileReference; lastKnownFileType = wrapper.framework; name = Foundation.framework; path = System/Library/Frameworks/Foundation.framework; sourceTree = SDKROOT; };
		90D6504E1902C31F00A31E1A /* Brightness Control-Info.plist */ = {isa = PBXFileReference; lastKnownFileType = text.plist.xml; path = "Brightness Control-Info.plist"; sourceTree = "<group>"; };
		90D650501902C31F00A31E1A /* en */ = {isa = PBXFileReference; lastKnownFileType = text.plist.strings; name = en; path = en.lproj/InfoPlist.strings; sourceTree = "<group>"; };
		90D650521902C31F00A31E1A /* main.m */ = {isa = PBXFileReference; lastKnownFileType = sourcecode.c.objc; path = main.m; sourceTree = "<group>"; };
		90D650561902C31F00A31E1A /* en */ = {isa = PBXFileReference; lastKnownFileType = text.rtf; name = en; path = en.lproj/Credits.rtf; sourceTree = "<group>"; };
		90D650581902C31F00A31E1A /* BSAppDelegate.h */ = {isa = PBXFileReference; lastKnownFileType = sourcecode.c.h; path = BSAppDelegate.h; sourceTree = "<group>"; };
		90D650591902C31F00A31E1A /* BSAppDelegate.m */ = {isa = PBXFileReference; lastKnownFileType = sourcecode.c.objc; path = BSAppDelegate.m; sourceTree = "<group>"; };
		90D6505C1902C31F00A31E1A /* Base */ = {isa = PBXFileReference; lastKnownFileType = file.xib; name = Base; path = Base.lproj/MainMenu.xib; sourceTree = "<group>"; };
		90D6505E1902C31F00A31E1A /* Images.xcassets */ = {isa = PBXFileReference; lastKnownFileType = folder.assetcatalog; path = Images.xcassets; sourceTree = "<group>"; };
		90D650641902C31F00A31E1A /* Brightness ControlTests.xctest */ = {isa = PBXFileReference; explicitFileType = wrapper.cfbundle; includeInIndex = 0; path = "Brightness ControlTests.xctest"; sourceTree = BUILT_PRODUCTS_DIR; };
		90D650651902C31F00A31E1A /* XCTest.framework */ = {isa = PBXFileReference; lastKnownFileType = wrapper.framework; name = XCTest.framework; path = Library/Frameworks/XCTest.framework; sourceTree = DEVELOPER_DIR; };
		90D6F23F1913D1CF00851458 /* yellow_bulb.png */ = {isa = PBXFileReference; lastKnownFileType = image.png; path = yellow_bulb.png; sourceTree = "<group>"; };
		90D6F2411913D42900851458 /* green_bulb.png */ = {isa = PBXFileReference; lastKnownFileType = image.png; path = green_bulb.png; sourceTree = "<group>"; };
		90D6F2431913D58E00851458 /* red_bulb.png */ = {isa = PBXFileReference; lastKnownFileType = image.png; path = red_bulb.png; sourceTree = "<group>"; };
		90DE962F1904180E00DF32F3 /* BSMenuItemWithView.h */ = {isa = PBXFileReference; fileEncoding = 4; lastKnownFileType = sourcecode.c.h; path = BSMenuItemWithView.h; sourceTree = "<group>"; };
		90DE96301904180E00DF32F3 /* BSMenuItemWithView.m */ = {isa = PBXFileReference; fileEncoding = 4; lastKnownFileType = sourcecode.c.objc; path = BSMenuItemWithView.m; sourceTree = "<group>"; };
		90ED70FB1913FF0700ABF09E /* bs.iconset */ = {isa = PBXFileReference; lastKnownFileType = folder.iconset; path = bs.iconset; sourceTree = "<group>"; };
/* End PBXFileReference section */

/* Begin PBXFrameworksBuildPhase section */
		90D650401902C31F00A31E1A /* Frameworks */ = {
			isa = PBXFrameworksBuildPhase;
			buildActionMask = 2147483647;
			files = (
				90D650471902C31F00A31E1A /* Cocoa.framework in Frameworks */,
			);
			runOnlyForDeploymentPostprocessing = 0;
		};
		90D650611902C31F00A31E1A /* Frameworks */ = {
			isa = PBXFrameworksBuildPhase;
			buildActionMask = 2147483647;
			files = (
				90D650671902C31F00A31E1A /* Cocoa.framework in Frameworks */,
				90D650661902C31F00A31E1A /* XCTest.framework in Frameworks */,
			);
			runOnlyForDeploymentPostprocessing = 0;
		};
/* End PBXFrameworksBuildPhase section */

/* Begin PBXGroup section */
		9003CAAE191414130018FE90 /* Brightness ControlTests */ = {
			isa = PBXGroup;
			children = (
				9003CAB6191414220018FE90 /* Supporting Files */,
				9003CAB0191414130018FE90 /* brightness_setterTests.m */,
			);
			path = "Brightness ControlTests";
			sourceTree = "<group>";
		};
		9003CAB6191414220018FE90 /* Supporting Files */ = {
			isa = PBXGroup;
			children = (
				9003CAAF191414130018FE90 /* Brightness ControlTests-Info.plist */,
				9003CAB1191414130018FE90 /* InfoPlist.strings */,
			);
			name = "Supporting Files";
			sourceTree = "<group>";
		};
		9078DEA71902C7AC0036D2E1 /* Resources */ = {
			isa = PBXGroup;
			children = (
				90ED70FB1913FF0700ABF09E /* bs.iconset */,
				90D6F2431913D58E00851458 /* red_bulb.png */,
				90D6F2411913D42900851458 /* green_bulb.png */,
				90D6F23F1913D1CF00851458 /* yellow_bulb.png */,
				90BB9FCB1911033500875B36 /* bulb.png */,
			);
			name = Resources;
			sourceTree = "<group>";
		};
		90D6503A1902C31F00A31E1A = {
			isa = PBXGroup;
			children = (
				90D6504C1902C31F00A31E1A /* Brightness Control */,
				9003CAAE191414130018FE90 /* Brightness ControlTests */,
				90D650451902C31F00A31E1A /* Frameworks */,
				9003CAA7191413910018FE90 /* InfoPlist.strings */,
				90D650441902C31F00A31E1A /* Products */,
			);
			sourceTree = "<group>";
		};
		90D650441902C31F00A31E1A /* Products */ = {
			isa = PBXGroup;
			children = (
				90D650431902C31F00A31E1A /* Brightness Control.app */,
				90D650641902C31F00A31E1A /* Brightness ControlTests.xctest */,
			);
			name = Products;
			sourceTree = "<group>";
		};
		90D650451902C31F00A31E1A /* Frameworks */ = {
			isa = PBXGroup;
			children = (
				90D650461902C31F00A31E1A /* Cocoa.framework */,
				90D650651902C31F00A31E1A /* XCTest.framework */,
				90D650481902C31F00A31E1A /* Other Frameworks */,
			);
			name = Frameworks;
			sourceTree = "<group>";
		};
		90D650481902C31F00A31E1A /* Other Frameworks */ = {
			isa = PBXGroup;
			children = (
				90D650491902C31F00A31E1A /* AppKit.framework */,
				90D6504A1902C31F00A31E1A /* CoreData.framework */,
				90D6504B1902C31F00A31E1A /* Foundation.framework */,
			);
			name = "Other Frameworks";
			sourceTree = "<group>";
		};
		90D6504C1902C31F00A31E1A /* Brightness Control */ = {
			isa = PBXGroup;
			children = (
				90D650581902C31F00A31E1A /* BSAppDelegate.h */,
				90D650591902C31F00A31E1A /* BSAppDelegate.m */,
				90DE962F1904180E00DF32F3 /* BSMenuItemWithView.h */,
				90DE96301904180E00DF32F3 /* BSMenuItemWithView.m */,
				90D6505E1902C31F00A31E1A /* Images.xcassets */,
				90D6505B1902C31F00A31E1A /* MainMenu.xib */,
				9078DEA71902C7AC0036D2E1 /* Resources */,
				90D6504D1902C31F00A31E1A /* Supporting Files */,
			);
			name = "Brightness Control";
			path = "brightness-setter";
			sourceTree = "<group>";
		};
		90D6504D1902C31F00A31E1A /* Supporting Files */ = {
			isa = PBXGroup;
			children = (
				90D6504E1902C31F00A31E1A /* Brightness Control-Info.plist */,
				903842491914109A0042934A /* Brightness Control-Prefix.pch */,
				90D650551902C31F00A31E1A /* Credits.rtf */,
				90D6504F1902C31F00A31E1A /* InfoPlist.strings */,
				90D650521902C31F00A31E1A /* main.m */,
			);
			name = "Supporting Files";
			sourceTree = "<group>";
		};
/* End PBXGroup section */

/* Begin PBXNativeTarget section */
		90D650421902C31F00A31E1A /* Brightness Control */ = {
			isa = PBXNativeTarget;
			buildConfigurationList = 90D650741902C31F00A31E1A /* Build configuration list for PBXNativeTarget "Brightness Control" */;
			buildPhases = (
				90D6503F1902C31F00A31E1A /* Sources */,
				90D650401902C31F00A31E1A /* Frameworks */,
				90D650411902C31F00A31E1A /* Resources */,
			);
			buildRules = (
			);
			dependencies = (
			);
			name = "Brightness Control";
			productName = "brightness-setter";
			productReference = 90D650431902C31F00A31E1A /* Brightness Control.app */;
			productType = "com.apple.product-type.application";
		};
		90D650631902C31F00A31E1A /* Brightness ControlTests */ = {
			isa = PBXNativeTarget;
			buildConfigurationList = 90D650771902C31F00A31E1A /* Build configuration list for PBXNativeTarget "Brightness ControlTests" */;
			buildPhases = (
				90D650601902C31F00A31E1A /* Sources */,
				90D650611902C31F00A31E1A /* Frameworks */,
				90D650621902C31F00A31E1A /* Resources */,
			);
			buildRules = (
			);
			dependencies = (
				90D650691902C31F00A31E1A /* PBXTargetDependency */,
			);
			name = "Brightness ControlTests";
			productName = "brightness-setterTests";
			productReference = 90D650641902C31F00A31E1A /* Brightness ControlTests.xctest */;
			productType = "com.apple.product-type.bundle.unit-test";
		};
/* End PBXNativeTarget section */

/* Begin PBXProject section */
		90D6503B1902C31F00A31E1A /* Project object */ = {
			isa = PBXProject;
			attributes = {
				CLASSPREFIX = BS;
				LastUpgradeCheck = 0510;
				ORGANIZATIONNAME = "Enrico Maria Crisostomo";
				TargetAttributes = {
					90D650631902C31F00A31E1A = {
						TestTargetID = 90D650421902C31F00A31E1A;
					};
				};
			};
			buildConfigurationList = 90D6503E1902C31F00A31E1A /* Build configuration list for PBXProject "Brightness Control" */;
			compatibilityVersion = "Xcode 3.2";
			developmentRegion = English;
			hasScannedForEncodings = 0;
			knownRegions = (
				en,
				Base,
			);
			mainGroup = 90D6503A1902C31F00A31E1A;
			productRefGroup = 90D650441902C31F00A31E1A /* Products */;
			projectDirPath = "";
			projectRoot = "";
			targets = (
				90D650421902C31F00A31E1A /* Brightness Control */,
				90D650631902C31F00A31E1A /* Brightness ControlTests */,
			);
		};
/* End PBXProject section */

/* Begin PBXResourcesBuildPhase section */
		90D650411902C31F00A31E1A /* Resources */ = {
			isa = PBXResourcesBuildPhase;
			buildActionMask = 2147483647;
			files = (
				90D6F2441913D58E00851458 /* red_bulb.png in Resources */,
				90D650511902C31F00A31E1A /* InfoPlist.strings in Resources */,
				90D6505F1902C31F00A31E1A /* Images.xcassets in Resources */,
				90D650571902C31F00A31E1A /* Credits.rtf in Resources */,
				90D6505D1902C31F00A31E1A /* MainMenu.xib in Resources */,
				90BB9FCC1911033500875B36 /* bulb.png in Resources */,
				90D6F2421913D42900851458 /* green_bulb.png in Resources */,
				90ED70FC1913FF0700ABF09E /* bs.iconset in Resources */,
				90D6F2401913D1CF00851458 /* yellow_bulb.png in Resources */,
			);
			runOnlyForDeploymentPostprocessing = 0;
		};
		90D650621902C31F00A31E1A /* Resources */ = {
			isa = PBXResourcesBuildPhase;
			buildActionMask = 2147483647;
			files = (
				9003CAB5191414130018FE90 /* InfoPlist.strings in Resources */,
			);
			runOnlyForDeploymentPostprocessing = 0;
		};
/* End PBXResourcesBuildPhase section */

/* Begin PBXSourcesBuildPhase section */
		90D6503F1902C31F00A31E1A /* Sources */ = {
			isa = PBXSourcesBuildPhase;
			buildActionMask = 2147483647;
			files = (
				90D650531902C31F00A31E1A /* main.m in Sources */,
				90D6505A1902C31F00A31E1A /* BSAppDelegate.m in Sources */,
				90DE96311904180E00DF32F3 /* BSMenuItemWithView.m in Sources */,
			);
			runOnlyForDeploymentPostprocessing = 0;
		};
		90D650601902C31F00A31E1A /* Sources */ = {
			isa = PBXSourcesBuildPhase;
			buildActionMask = 2147483647;
			files = (
				9003CAB4191414130018FE90 /* brightness_setterTests.m in Sources */,
			);
			runOnlyForDeploymentPostprocessing = 0;
		};
/* End PBXSourcesBuildPhase section */

/* Begin PBXTargetDependency section */
		90D650691902C31F00A31E1A /* PBXTargetDependency */ = {
			isa = PBXTargetDependency;
			target = 90D650421902C31F00A31E1A /* Brightness Control */;
			targetProxy = 90D650681902C31F00A31E1A /* PBXContainerItemProxy */;
		};
/* End PBXTargetDependency section */

/* Begin PBXVariantGroup section */
		9003CAA7191413910018FE90 /* InfoPlist.strings */ = {
			isa = PBXVariantGroup;
			children = (
				9003CAA8191413910018FE90 /* en */,
			);
			name = InfoPlist.strings;
			sourceTree = "<group>";
		};
		9003CAB1191414130018FE90 /* InfoPlist.strings */ = {
			isa = PBXVariantGroup;
			children = (
				9003CAB2191414130018FE90 /* en */,
			);
			name = InfoPlist.strings;
			sourceTree = "<group>";
		};
		90D6504F1902C31F00A31E1A /* InfoPlist.strings */ = {
			isa = PBXVariantGroup;
			children = (
				90D650501902C31F00A31E1A /* en */,
			);
			name = InfoPlist.strings;
			sourceTree = "<group>";
		};
		90D650551902C31F00A31E1A /* Credits.rtf */ = {
			isa = PBXVariantGroup;
			children = (
				90D650561902C31F00A31E1A /* en */,
			);
			name = Credits.rtf;
			sourceTree = "<group>";
		};
		90D6505B1902C31F00A31E1A /* MainMenu.xib */ = {
			isa = PBXVariantGroup;
			children = (
				90D6505C1902C31F00A31E1A /* Base */,
			);
			name = MainMenu.xib;
			sourceTree = "<group>";
		};
/* End PBXVariantGroup section */

/* Begin XCBuildConfiguration section */
		90D650721902C31F00A31E1A /* Debug */ = {
			isa = XCBuildConfiguration;
			buildSettings = {
				ALWAYS_SEARCH_USER_PATHS = NO;
				CLANG_CXX_LANGUAGE_STANDARD = "gnu++0x";
				CLANG_CXX_LIBRARY = "libc++";
				CLANG_ENABLE_MODULES = YES;
				CLANG_ENABLE_OBJC_ARC = YES;
				CLANG_WARN_BOOL_CONVERSION = YES;
				CLANG_WARN_CONSTANT_CONVERSION = YES;
				CLANG_WARN_DIRECT_OBJC_ISA_USAGE = YES_ERROR;
				CLANG_WARN_EMPTY_BODY = YES;
				CLANG_WARN_ENUM_CONVERSION = YES;
				CLANG_WARN_INT_CONVERSION = YES;
				CLANG_WARN_OBJC_ROOT_CLASS = YES_ERROR;
				CLANG_WARN__DUPLICATE_METHOD_MATCH = YES;
				COPY_PHASE_STRIP = NO;
				GCC_C_LANGUAGE_STANDARD = gnu99;
				GCC_DYNAMIC_NO_PIC = NO;
				GCC_ENABLE_OBJC_EXCEPTIONS = YES;
				GCC_OPTIMIZATION_LEVEL = 0;
				GCC_PREPROCESSOR_DEFINITIONS = (
					"DEBUG=1",
					"$(inherited)",
				);
				GCC_SYMBOLS_PRIVATE_EXTERN = NO;
				GCC_WARN_64_TO_32_BIT_CONVERSION = YES;
				GCC_WARN_ABOUT_RETURN_TYPE = YES_ERROR;
				GCC_WARN_UNDECLARED_SELECTOR = YES;
				GCC_WARN_UNINITIALIZED_AUTOS = YES_AGGRESSIVE;
				GCC_WARN_UNUSED_FUNCTION = YES;
				GCC_WARN_UNUSED_VARIABLE = YES;
				MACOSX_DEPLOYMENT_TARGET = 10.9;
				ONLY_ACTIVE_ARCH = YES;
				SDKROOT = macosx;
			};
			name = Debug;
		};
		90D650731902C31F00A31E1A /* Release */ = {
			isa = XCBuildConfiguration;
			buildSettings = {
				ALWAYS_SEARCH_USER_PATHS = NO;
				CLANG_CXX_LANGUAGE_STANDARD = "gnu++0x";
				CLANG_CXX_LIBRARY = "libc++";
				CLANG_ENABLE_MODULES = YES;
				CLANG_ENABLE_OBJC_ARC = YES;
				CLANG_WARN_BOOL_CONVERSION = YES;
				CLANG_WARN_CONSTANT_CONVERSION = YES;
				CLANG_WARN_DIRECT_OBJC_ISA_USAGE = YES_ERROR;
				CLANG_WARN_EMPTY_BODY = YES;
				CLANG_WARN_ENUM_CONVERSION = YES;
				CLANG_WARN_INT_CONVERSION = YES;
				CLANG_WARN_OBJC_ROOT_CLASS = YES_ERROR;
				CLANG_WARN__DUPLICATE_METHOD_MATCH = YES;
				COPY_PHASE_STRIP = YES;
				DEBUG_INFORMATION_FORMAT = "dwarf-with-dsym";
				ENABLE_NS_ASSERTIONS = NO;
				GCC_C_LANGUAGE_STANDARD = gnu99;
				GCC_ENABLE_OBJC_EXCEPTIONS = YES;
				GCC_WARN_64_TO_32_BIT_CONVERSION = YES;
				GCC_WARN_ABOUT_RETURN_TYPE = YES_ERROR;
				GCC_WARN_UNDECLARED_SELECTOR = YES;
				GCC_WARN_UNINITIALIZED_AUTOS = YES_AGGRESSIVE;
				GCC_WARN_UNUSED_FUNCTION = YES;
				GCC_WARN_UNUSED_VARIABLE = YES;
				MACOSX_DEPLOYMENT_TARGET = 10.9;
				SDKROOT = macosx;
			};
			name = Release;
		};
		90D650751902C31F00A31E1A /* Debug */ = {
			isa = XCBuildConfiguration;
			buildSettings = {
				ASSETCATALOG_COMPILER_APPICON_NAME = AppIcon;
				COMBINE_HIDPI_IMAGES = YES;
				GCC_PRECOMPILE_PREFIX_HEADER = YES;
				GCC_PREFIX_HEADER = "brightness-setter/Brightness Control-Prefix.pch";
				INFOPLIST_FILE = "brightness-setter/Brightness Control-Info.plist";
				PRODUCT_NAME = "Brightness Control";
				WRAPPER_EXTENSION = app;
			};
			name = Debug;
		};
		90D650761902C31F00A31E1A /* Release */ = {
			isa = XCBuildConfiguration;
			buildSettings = {
				ASSETCATALOG_COMPILER_APPICON_NAME = AppIcon;
				COMBINE_HIDPI_IMAGES = YES;
				GCC_PRECOMPILE_PREFIX_HEADER = YES;
				GCC_PREFIX_HEADER = "brightness-setter/Brightness Control-Prefix.pch";
				INFOPLIST_FILE = "brightness-setter/Brightness Control-Info.plist";
				PRODUCT_NAME = "Brightness Control";
				WRAPPER_EXTENSION = app;
			};
			name = Release;
		};
		90D650781902C31F00A31E1A /* Debug */ = {
			isa = XCBuildConfiguration;
			buildSettings = {
				BUNDLE_LOADER = "$(BUILT_PRODUCTS_DIR)/Brightness Control.app/Contents/MacOS/Brightness Control";
				COMBINE_HIDPI_IMAGES = YES;
				FRAMEWORK_SEARCH_PATHS = (
					"$(DEVELOPER_FRAMEWORKS_DIR)",
					"$(inherited)",
				);
				GCC_PRECOMPILE_PREFIX_HEADER = YES;
				GCC_PREFIX_HEADER = "brightness-setter/Brightness Control-Prefix.pch";
				GCC_PREPROCESSOR_DEFINITIONS = (
					"DEBUG=1",
					"$(inherited)",
				);
				INFOPLIST_FILE = "Brightness ControlTests/Brightness ControlTests-Info.plist";
				PRODUCT_NAME = "Brightness ControlTests";
				TEST_HOST = "$(BUNDLE_LOADER)";
				WRAPPER_EXTENSION = xctest;
			};
			name = Debug;
		};
		90D650791902C31F00A31E1A /* Release */ = {
			isa = XCBuildConfiguration;
			buildSettings = {
				BUNDLE_LOADER = "$(BUILT_PRODUCTS_DIR)/Brightness Control.app/Contents/MacOS/Brightness Control";
				COMBINE_HIDPI_IMAGES = YES;
				FRAMEWORK_SEARCH_PATHS = (
					"$(DEVELOPER_FRAMEWORKS_DIR)",
					"$(inherited)",
				);
				GCC_PRECOMPILE_PREFIX_HEADER = YES;
				GCC_PREFIX_HEADER = "brightness-setter/Brightness Control-Prefix.pch";
				INFOPLIST_FILE = "Brightness ControlTests/Brightness ControlTests-Info.plist";
				PRODUCT_NAME = "Brightness ControlTests";
				TEST_HOST = "$(BUNDLE_LOADER)";
				WRAPPER_EXTENSION = xctest;
			};
			name = Release;
		};
/* End XCBuildConfiguration section */

/* Begin XCConfigurationList section */
		90D6503E1902C31F00A31E1A /* Build configuration list for PBXProject "Brightness Control" */ = {
			isa = XCConfigurationList;
			buildConfigurations = (
				90D650721902C31F00A31E1A /* Debug */,
				90D650731902C31F00A31E1A /* Release */,
			);
			defaultConfigurationIsVisible = 0;
			defaultConfigurationName = Release;
		};
		90D650741902C31F00A31E1A /* Build configuration list for PBXNativeTarget "Brightness Control" */ = {
			isa = XCConfigurationList;
			buildConfigurations = (
				90D650751902C31F00A31E1A /* Debug */,
				90D650761902C31F00A31E1A /* Release */,
			);
			defaultConfigurationIsVisible = 0;
			defaultConfigurationName = Release;
		};
		90D650771902C31F00A31E1A /* Build configuration list for PBXNativeTarget "Brightness ControlTests" */ = {
			isa = XCConfigurationList;
			buildConfigurations = (
				90D650781902C31F00A31E1A /* Debug */,
				90D650791902C31F00A31E1A /* Release */,
			);
			defaultConfigurationIsVisible = 0;
			defaultConfigurationName = Release;
		};
/* End XCConfigurationList section */
	};
	rootObject = 90D6503B1902C31F00A31E1A /* Project object */;
}
